{
  "name": "vibe-roast",
  "version": "0.98.0",
  "lockfileVersion": 3,
  "requires": true,
  "packages": {
    "": {
      "name": "vibe-roast",
      "version": "0.98.0",
      "bin": {
        "vibe-roast": "bin/vibe-roast.js",
        "vibe-wrapper": "bin/vibe-wrapper.js"
      },
      "engines": {
        "node": ">=20"
      }
    }
  }
}
